
Microsoft Visual Studio Solution File, Format Version 12.00
# Visual Studio Version 17
VisualStudioVersion = 17.5.33209.295
MinimumVisualStudioVersion = 10.0.40219.1
Project("{9A19103F-16F7-4668-BE54-9A1E7A4F7556}") = "ET.Logging", "ET.Logging\ET.Logging.csproj", "{8E133E00-074F-49C8-9BD7-0DD8B6AC3DE1}"
EndProject
Project("{9A19103F-16F7-4668-BE54-9A1E7A4F7556}") = "ET.Logging.Log4Net", "ET.Logging.Log4Net\ET.Logging.Log4Net.csproj", "{614F6343-D936-4BDD-B864-7BD02F6D0A1F}"
EndProject
Project("{FAE04EC0-301F-11D3-BF4B-00C04F79EFBC}") = "ET.Logging.Serilog", "ET.Logging.Serilog\ET.Logging.Serilog.csproj", "{6C6FC85E-7646-4B16-9082-B16DA27EEB75}"
EndProject
Global
	GlobalSection(SolutionConfigurationPlatforms) = preSolution
		Debug|Any CPU = Debug|Any CPU
		Release|Any CPU = Release|Any CPU
	EndGlobalSection
	GlobalSection(ProjectConfigurationPlatforms) = postSolution
		{8E133E00-074F-49C8-9BD7-0DD8B6AC3DE1}.Debug|Any CPU.ActiveCfg = Debug|Any CPU
		{8E133E00-074F-49C8-9BD7-0DD8B6AC3DE1}.Debug|Any CPU.Build.0 = Debug|Any CPU
		{8E133E00-074F-49C8-9BD7-0DD8B6AC3DE1}.Release|Any CPU.ActiveCfg = Release|Any CPU
		{8E133E00-074F-49C8-9BD7-0DD8B6AC3DE1}.Release|Any CPU.Build.0 = Release|Any CPU
		{614F6343-D936-4BDD-B864-7BD02F6D0A1F}.Debug|Any CPU.ActiveCfg = Debug|Any CPU
		{614F6343-D936-4BDD-B864-7BD02F6D0A1F}.Debug|Any CPU.Build.0 = Debug|Any CPU
		{614F6343-D936-4BDD-B864-7BD02F6D0A1F}.Release|Any CPU.ActiveCfg = Release|Any CPU
		{614F6343-D936-4BDD-B864-7BD02F6D0A1F}.Release|Any CPU.Build.0 = Release|Any CPU
		{6C6FC85E-7646-4B16-9082-B16DA27EEB75}.Debug|Any CPU.ActiveCfg = Debug|Any CPU
		{6C6FC85E-7646-4B16-9082-B16DA27EEB75}.Debug|Any CPU.Build.0 = Debug|Any CPU
		{6C6FC85E-7646-4B16-9082-B16DA27EEB75}.Release|Any CPU.ActiveCfg = Release|Any CPU
		{6C6FC85E-7646-4B16-9082-B16DA27EEB75}.Release|Any CPU.Build.0 = Release|Any CPU
	EndGlobalSection
	GlobalSection(SolutionProperties) = preSolution
		HideSolutionNode = FALSE
	EndGlobalSection
	GlobalSection(ExtensibilityGlobals) = postSolution
		SolutionGuid = {79CA359C-86D1-4660-95E1-7E3D045190D1}
	EndGlobalSection
EndGlobal
